
Microsoft Visual Studio Solution File, Format Version 12.00
# Visual Studio Version 16
VisualStudioVersion = 16.0.31515.178
MinimumVisualStudioVersion = 10.0.40219.1
Project("{FAE04EC0-301F-11D3-BF4B-00C04F79EFBC}") = "MazeRenderWF", "MazeRenderWF\MazeRenderWF.csproj", "{EBDE0CF8-44F8-4BE6-B223-4030CC0FAA0F}"
EndProject
Project("{FAE04EC0-301F-11D3-BF4B-00C04F79EFBC}") = "Bfs", "Bfs\Bfs.csproj", "{A55EB1D6-F31E-4552-BE49-4342BF4F2D87}"
EndProject
Global
	GlobalSection(SolutionConfigurationPlatforms) = preSolution
		Debug|Any CPU = Debug|Any CPU
		Release|Any CPU = Release|Any CPU
	EndGlobalSection
	GlobalSection(ProjectConfigurationPlatforms) = postSolution
		{EBDE0CF8-44F8-4BE6-B223-4030CC0FAA0F}.Debug|Any CPU.ActiveCfg = Debug|Any CPU
		{EBDE0CF8-44F8-4BE6-B223-4030CC0FAA0F}.Debug|Any CPU.Build.0 = Debug|Any CPU
		{EBDE0CF8-44F8-4BE6-B223-4030CC0FAA0F}.Release|Any CPU.ActiveCfg = Release|Any CPU
		{EBDE0CF8-44F8-4BE6-B223-4030CC0FAA0F}.Release|Any CPU.Build.0 = Release|Any CPU
		{A55EB1D6-F31E-4552-BE49-4342BF4F2D87}.Debug|Any CPU.ActiveCfg = Debug|Any CPU
		{A55EB1D6-F31E-4552-BE49-4342BF4F2D87}.Debug|Any CPU.Build.0 = Debug|Any CPU
		{A55EB1D6-F31E-4552-BE49-4342BF4F2D87}.Release|Any CPU.ActiveCfg = Release|Any CPU
		{A55EB1D6-F31E-4552-BE49-4342BF4F2D87}.Release|Any CPU.Build.0 = Release|Any CPU
	EndGlobalSection
	GlobalSection(SolutionProperties) = preSolution
		HideSolutionNode = FALSE
	EndGlobalSection
	GlobalSection(ExtensibilityGlobals) = postSolution
		SolutionGuid = {CFA79F8F-87B0-467F-A4D7-32A79D68EF15}
	EndGlobalSection
EndGlobal
